
Microsoft Visual Studio Solution File, Format Version 12.00
# Visual Studio 14
VisualStudioVersion = 14.0.25420.1
MinimumVisualStudioVersion = 10.0.40219.1
Project("{FAE04EC0-301F-11D3-BF4B-00C04F79EFBC}") = "Nuterra", "Nuterra\Nuterra.csproj", "{129AE68B-6968-44C4-A386-68C0E1E9A63E}"
EndProject
Project("{FAE04EC0-301F-11D3-BF4B-00C04F79EFBC}") = "Nuterra.Installer", "Nuterra.Installer\Nuterra.Installer.csproj", "{CFB5CD3A-47A1-4E71-BA81-C93D4BB657B3}"
EndProject
Project("{FAE04EC0-301F-11D3-BF4B-00C04F79EFBC}") = "Nuterra.Build", "Nuterra.Build\Nuterra.Build.csproj", "{F953D402-AAE3-4335-90A6-13BDBDF6D4FA}"
EndProject
Project("{2150E333-8FDC-42A3-9474-1A3956D46DE8}") = "Core", "Core", "{CC96E61F-75DD-4644-AC51-D9B783C00680}"
EndProject
Global
	GlobalSection(SolutionConfigurationPlatforms) = preSolution
		Debug|Any CPU = Debug|Any CPU
		Release|Any CPU = Release|Any CPU
	EndGlobalSection
	GlobalSection(ProjectConfigurationPlatforms) = postSolution
		{129AE68B-6968-44C4-A386-68C0E1E9A63E}.Debug|Any CPU.ActiveCfg = Debug|Any CPU
		{129AE68B-6968-44C4-A386-68C0E1E9A63E}.Debug|Any CPU.Build.0 = Debug|Any CPU
		{129AE68B-6968-44C4-A386-68C0E1E9A63E}.Release|Any CPU.ActiveCfg = Release|Any CPU
		{129AE68B-6968-44C4-A386-68C0E1E9A63E}.Release|Any CPU.Build.0 = Release|Any CPU
		{CFB5CD3A-47A1-4E71-BA81-C93D4BB657B3}.Debug|Any CPU.ActiveCfg = Debug|Any CPU
		{CFB5CD3A-47A1-4E71-BA81-C93D4BB657B3}.Debug|Any CPU.Build.0 = Debug|Any CPU
		{CFB5CD3A-47A1-4E71-BA81-C93D4BB657B3}.Release|Any CPU.ActiveCfg = Release|Any CPU
		{CFB5CD3A-47A1-4E71-BA81-C93D4BB657B3}.Release|Any CPU.Build.0 = Release|Any CPU
		{F953D402-AAE3-4335-90A6-13BDBDF6D4FA}.Debug|Any CPU.ActiveCfg = Debug|Any CPU
		{F953D402-AAE3-4335-90A6-13BDBDF6D4FA}.Debug|Any CPU.Build.0 = Debug|Any CPU
		{F953D402-AAE3-4335-90A6-13BDBDF6D4FA}.Release|Any CPU.ActiveCfg = Release|Any CPU
		{F953D402-AAE3-4335-90A6-13BDBDF6D4FA}.Release|Any CPU.Build.0 = Release|Any CPU
	EndGlobalSection
	GlobalSection(SolutionProperties) = preSolution
		HideSolutionNode = FALSE
	EndGlobalSection
	GlobalSection(NestedProjects) = preSolution
		{129AE68B-6968-44C4-A386-68C0E1E9A63E} = {CC96E61F-75DD-4644-AC51-D9B783C00680}
		{CFB5CD3A-47A1-4E71-BA81-C93D4BB657B3} = {CC96E61F-75DD-4644-AC51-D9B783C00680}
		{F953D402-AAE3-4335-90A6-13BDBDF6D4FA} = {CC96E61F-75DD-4644-AC51-D9B783C00680}
	EndGlobalSection
EndGlobal
