
Microsoft Visual Studio Solution File, Format Version 12.00
# Visual Studio 14
VisualStudioVersion = 14.0.25420.1
MinimumVisualStudioVersion = 10.0.40219.1
Project("{FAE04EC0-301F-11D3-BF4B-00C04F79EFBC}") = "Nuterra", "Nuterra\Nuterra.csproj", "{129AE68B-6968-44C4-A386-68C0E1E9A63E}"
	ProjectSection(ProjectDependencies) = postProject
		{CFB5CD3A-47A1-4E71-BA81-C93D4BB657B3} = {CFB5CD3A-47A1-4E71-BA81-C93D4BB657B3}
	EndProjectSection
EndProject
Project("{2150E333-8FDC-42A3-9474-1A3956D46DE8}") = "Core", "Core", "{CC96E61F-75DD-4644-AC51-D9B783C00680}"
EndProject
Project("{FAE04EC0-301F-11D3-BF4B-00C04F79EFBC}") = "Nuterra.Internal", "Nuterra.Internal\Nuterra.Internal.csproj", "{306B93ED-DC73-4899-BB32-D9571152C554}"
	ProjectSection(ProjectDependencies) = postProject
		{F953D402-AAE3-4335-90A6-13BDBDF6D4FA} = {F953D402-AAE3-4335-90A6-13BDBDF6D4FA}
	EndProjectSection
EndProject
Project("{2150E333-8FDC-42A3-9474-1A3956D46DE8}") = "Mods", "Mods", "{3BA7DE14-6278-440A-95B1-026F30C10140}"
EndProject
Project("{FAE04EC0-301F-11D3-BF4B-00C04F79EFBC}") = "Sylver", "Sylver\Sylver.csproj", "{2E708037-AD6B-49DB-9B7D-AF459E69E386}"
EndProject
Project("{FAE04EC0-301F-11D3-BF4B-00C04F79EFBC}") = "Nuterra.HelloWorld", "Nuterra.HelloWorld\Nuterra.HelloWorld.csproj", "{94E164C1-EE69-4FF0-A850-C3C16135AC35}"
EndProject
Project("{FAE04EC0-301F-11D3-BF4B-00C04F79EFBC}") = "Maritaria.ExtraKeys", "Maritaria.ExtraKeys\Maritaria.ExtraKeys.csproj", "{01EBDA4D-78B0-498A-8FE7-B5E95BB718C7}"
EndProject
Project("{FAE04EC0-301F-11D3-BF4B-00C04F79EFBC}") = "Maritaria.Cockpit", "Maritaria.Cockpit\Maritaria.Cockpit.csproj", "{4CA3F8EE-6795-4EAA-B4F0-8F3719FD5AA4}"
EndProject
Project("{FAE04EC0-301F-11D3-BF4B-00C04F79EFBC}") = "Maritaria.ExtraBlocks", "Maritaria.ExtraBlocks\Maritaria.ExtraBlocks.csproj", "{8B872991-E17A-4DE7-9BFF-470355E7500B}"
EndProject
Project("{FAE04EC0-301F-11D3-BF4B-00C04F79EFBC}") = "Maritaria.Cursor", "Maritaria.Cursor\Maritaria.Cursor.csproj", "{D8BA316F-2357-472A-8460-37C744DAC248}"
EndProject
Project("{FAE04EC0-301F-11D3-BF4B-00C04F79EFBC}") = "Nuterra.Build.Stage1", "Nuterra.Build.Stage1\Nuterra.Build.Stage1.csproj", "{F953D402-AAE3-4335-90A6-13BDBDF6D4FA}"
EndProject
Project("{FAE04EC0-301F-11D3-BF4B-00C04F79EFBC}") = "Nuterra.Build.Stage2", "Nuterra.Build.Stage2\Nuterra.Build.Stage2.csproj", "{CFB5CD3A-47A1-4E71-BA81-C93D4BB657B3}"
EndProject
Project("{FAE04EC0-301F-11D3-BF4B-00C04F79EFBC}") = "Nuterra.Installer", "Nuterra.Installer\Nuterra.Installer.csproj", "{AB772A38-6138-4687-BF63-FFCBE25500AE}"
	ProjectSection(ProjectDependencies) = postProject
		{3BFDFF28-F8A6-43EA-9F3A-E73FA4EDA70B} = {3BFDFF28-F8A6-43EA-9F3A-E73FA4EDA70B}
		{17D1662B-2C8C-40AB-86AE-E2F19D78E204} = {17D1662B-2C8C-40AB-86AE-E2F19D78E204}
		{2E708037-AD6B-49DB-9B7D-AF459E69E386} = {2E708037-AD6B-49DB-9B7D-AF459E69E386}
		{01EBDA4D-78B0-498A-8FE7-B5E95BB718C7} = {01EBDA4D-78B0-498A-8FE7-B5E95BB718C7}
		{D8BA316F-2357-472A-8460-37C744DAC248} = {D8BA316F-2357-472A-8460-37C744DAC248}
		{129AE68B-6968-44C4-A386-68C0E1E9A63E} = {129AE68B-6968-44C4-A386-68C0E1E9A63E}
		{8B872991-E17A-4DE7-9BFF-470355E7500B} = {8B872991-E17A-4DE7-9BFF-470355E7500B}
		{94E164C1-EE69-4FF0-A850-C3C16135AC35} = {94E164C1-EE69-4FF0-A850-C3C16135AC35}
		{873B35D4-4E84-4D63-813D-481ACA3B5CF3} = {873B35D4-4E84-4D63-813D-481ACA3B5CF3}
		{4CA3F8EE-6795-4EAA-B4F0-8F3719FD5AA4} = {4CA3F8EE-6795-4EAA-B4F0-8F3719FD5AA4}
		{276796F5-792C-486D-A616-02A5ECF1AFFE} = {276796F5-792C-486D-A616-02A5ECF1AFFE}
	EndProjectSection
EndProject
Project("{FAE04EC0-301F-11D3-BF4B-00C04F79EFBC}") = "Nuterra.Editor", "Nuterra.Editor\Nuterra.Editor.csproj", "{276796F5-792C-486D-A616-02A5ECF1AFFE}"
EndProject
Project("{FAE04EC0-301F-11D3-BF4B-00C04F79EFBC}") = "Nuterra.BlockPacks", "Nuterra.BlockPacks\Nuterra.BlockPacks.csproj", "{873B35D4-4E84-4D63-813D-481ACA3B5CF3}"
EndProject
Project("{FAE04EC0-301F-11D3-BF4B-00C04F79EFBC}") = "Maritaria.Watermarks", "Maritaria.Watermarks\Maritaria.Watermarks.csproj", "{3BFDFF28-F8A6-43EA-9F3A-E73FA4EDA70B}"
EndProject
Project("{FAE04EC0-301F-11D3-BF4B-00C04F79EFBC}") = "Maritaria.WorldBuilder", "Maritaria.WorldBuilder\Maritaria.WorldBuilder.csproj", "{17D1662B-2C8C-40AB-86AE-E2F19D78E204}"
	ProjectSection(ProjectDependencies) = postProject
		{129AE68B-6968-44C4-A386-68C0E1E9A63E} = {129AE68B-6968-44C4-A386-68C0E1E9A63E}
	EndProjectSection
EndProject
Project("{FAE04EC0-301F-11D3-BF4B-00C04F79EFBC}") = "Maritaria.Blueprints", "Maritaria.Blueprints\Maritaria.Blueprints.csproj", "{340D4B91-2451-4A37-AD01-2C5014F12E5B}"
EndProject
Global
	GlobalSection(SolutionConfigurationPlatforms) = preSolution
		Debug|Any CPU = Debug|Any CPU
		Release|Any CPU = Release|Any CPU
	EndGlobalSection
	GlobalSection(ProjectConfigurationPlatforms) = postSolution
		{129AE68B-6968-44C4-A386-68C0E1E9A63E}.Debug|Any CPU.ActiveCfg = Debug|Any CPU
		{129AE68B-6968-44C4-A386-68C0E1E9A63E}.Debug|Any CPU.Build.0 = Debug|Any CPU
		{129AE68B-6968-44C4-A386-68C0E1E9A63E}.Release|Any CPU.ActiveCfg = Release|Any CPU
		{129AE68B-6968-44C4-A386-68C0E1E9A63E}.Release|Any CPU.Build.0 = Release|Any CPU
		{306B93ED-DC73-4899-BB32-D9571152C554}.Debug|Any CPU.ActiveCfg = Debug|Any CPU
		{306B93ED-DC73-4899-BB32-D9571152C554}.Debug|Any CPU.Build.0 = Debug|Any CPU
		{306B93ED-DC73-4899-BB32-D9571152C554}.Release|Any CPU.ActiveCfg = Release|Any CPU
		{306B93ED-DC73-4899-BB32-D9571152C554}.Release|Any CPU.Build.0 = Release|Any CPU
		{2E708037-AD6B-49DB-9B7D-AF459E69E386}.Debug|Any CPU.ActiveCfg = Debug|Any CPU
		{2E708037-AD6B-49DB-9B7D-AF459E69E386}.Debug|Any CPU.Build.0 = Debug|Any CPU
		{2E708037-AD6B-49DB-9B7D-AF459E69E386}.Release|Any CPU.ActiveCfg = Release|Any CPU
		{2E708037-AD6B-49DB-9B7D-AF459E69E386}.Release|Any CPU.Build.0 = Release|Any CPU
		{94E164C1-EE69-4FF0-A850-C3C16135AC35}.Debug|Any CPU.ActiveCfg = Debug|Any CPU
		{94E164C1-EE69-4FF0-A850-C3C16135AC35}.Debug|Any CPU.Build.0 = Debug|Any CPU
		{94E164C1-EE69-4FF0-A850-C3C16135AC35}.Release|Any CPU.ActiveCfg = Release|Any CPU
		{94E164C1-EE69-4FF0-A850-C3C16135AC35}.Release|Any CPU.Build.0 = Release|Any CPU
		{01EBDA4D-78B0-498A-8FE7-B5E95BB718C7}.Debug|Any CPU.ActiveCfg = Debug|Any CPU
		{01EBDA4D-78B0-498A-8FE7-B5E95BB718C7}.Debug|Any CPU.Build.0 = Debug|Any CPU
		{01EBDA4D-78B0-498A-8FE7-B5E95BB718C7}.Release|Any CPU.ActiveCfg = Release|Any CPU
		{01EBDA4D-78B0-498A-8FE7-B5E95BB718C7}.Release|Any CPU.Build.0 = Release|Any CPU
		{4CA3F8EE-6795-4EAA-B4F0-8F3719FD5AA4}.Debug|Any CPU.ActiveCfg = Debug|Any CPU
		{4CA3F8EE-6795-4EAA-B4F0-8F3719FD5AA4}.Debug|Any CPU.Build.0 = Debug|Any CPU
		{4CA3F8EE-6795-4EAA-B4F0-8F3719FD5AA4}.Release|Any CPU.ActiveCfg = Release|Any CPU
		{4CA3F8EE-6795-4EAA-B4F0-8F3719FD5AA4}.Release|Any CPU.Build.0 = Release|Any CPU
		{8B872991-E17A-4DE7-9BFF-470355E7500B}.Debug|Any CPU.ActiveCfg = Debug|Any CPU
		{8B872991-E17A-4DE7-9BFF-470355E7500B}.Debug|Any CPU.Build.0 = Debug|Any CPU
		{8B872991-E17A-4DE7-9BFF-470355E7500B}.Release|Any CPU.ActiveCfg = Release|Any CPU
		{8B872991-E17A-4DE7-9BFF-470355E7500B}.Release|Any CPU.Build.0 = Release|Any CPU
		{D8BA316F-2357-472A-8460-37C744DAC248}.Debug|Any CPU.ActiveCfg = Debug|Any CPU
		{D8BA316F-2357-472A-8460-37C744DAC248}.Debug|Any CPU.Build.0 = Debug|Any CPU
		{D8BA316F-2357-472A-8460-37C744DAC248}.Release|Any CPU.ActiveCfg = Release|Any CPU
		{D8BA316F-2357-472A-8460-37C744DAC248}.Release|Any CPU.Build.0 = Release|Any CPU
		{F953D402-AAE3-4335-90A6-13BDBDF6D4FA}.Debug|Any CPU.ActiveCfg = Debug|Any CPU
		{F953D402-AAE3-4335-90A6-13BDBDF6D4FA}.Debug|Any CPU.Build.0 = Debug|Any CPU
		{F953D402-AAE3-4335-90A6-13BDBDF6D4FA}.Release|Any CPU.ActiveCfg = Release|Any CPU
		{F953D402-AAE3-4335-90A6-13BDBDF6D4FA}.Release|Any CPU.Build.0 = Release|Any CPU
		{CFB5CD3A-47A1-4E71-BA81-C93D4BB657B3}.Debug|Any CPU.ActiveCfg = Debug|Any CPU
		{CFB5CD3A-47A1-4E71-BA81-C93D4BB657B3}.Debug|Any CPU.Build.0 = Debug|Any CPU
		{CFB5CD3A-47A1-4E71-BA81-C93D4BB657B3}.Release|Any CPU.ActiveCfg = Release|Any CPU
		{CFB5CD3A-47A1-4E71-BA81-C93D4BB657B3}.Release|Any CPU.Build.0 = Release|Any CPU
		{AB772A38-6138-4687-BF63-FFCBE25500AE}.Debug|Any CPU.ActiveCfg = Debug|Any CPU
		{AB772A38-6138-4687-BF63-FFCBE25500AE}.Debug|Any CPU.Build.0 = Debug|Any CPU
		{AB772A38-6138-4687-BF63-FFCBE25500AE}.Release|Any CPU.ActiveCfg = Release|Any CPU
		{AB772A38-6138-4687-BF63-FFCBE25500AE}.Release|Any CPU.Build.0 = Release|Any CPU
		{276796F5-792C-486D-A616-02A5ECF1AFFE}.Debug|Any CPU.ActiveCfg = Debug|Any CPU
		{276796F5-792C-486D-A616-02A5ECF1AFFE}.Debug|Any CPU.Build.0 = Debug|Any CPU
		{276796F5-792C-486D-A616-02A5ECF1AFFE}.Release|Any CPU.ActiveCfg = Release|Any CPU
		{276796F5-792C-486D-A616-02A5ECF1AFFE}.Release|Any CPU.Build.0 = Release|Any CPU
		{873B35D4-4E84-4D63-813D-481ACA3B5CF3}.Debug|Any CPU.ActiveCfg = Debug|Any CPU
		{873B35D4-4E84-4D63-813D-481ACA3B5CF3}.Debug|Any CPU.Build.0 = Debug|Any CPU
		{873B35D4-4E84-4D63-813D-481ACA3B5CF3}.Release|Any CPU.ActiveCfg = Release|Any CPU
		{873B35D4-4E84-4D63-813D-481ACA3B5CF3}.Release|Any CPU.Build.0 = Release|Any CPU
		{3BFDFF28-F8A6-43EA-9F3A-E73FA4EDA70B}.Debug|Any CPU.ActiveCfg = Debug|Any CPU
		{3BFDFF28-F8A6-43EA-9F3A-E73FA4EDA70B}.Debug|Any CPU.Build.0 = Debug|Any CPU
		{3BFDFF28-F8A6-43EA-9F3A-E73FA4EDA70B}.Release|Any CPU.ActiveCfg = Release|Any CPU
		{3BFDFF28-F8A6-43EA-9F3A-E73FA4EDA70B}.Release|Any CPU.Build.0 = Release|Any CPU
		{17D1662B-2C8C-40AB-86AE-E2F19D78E204}.Debug|Any CPU.ActiveCfg = Debug|Any CPU
		{17D1662B-2C8C-40AB-86AE-E2F19D78E204}.Debug|Any CPU.Build.0 = Debug|Any CPU
		{17D1662B-2C8C-40AB-86AE-E2F19D78E204}.Release|Any CPU.ActiveCfg = Release|Any CPU
		{17D1662B-2C8C-40AB-86AE-E2F19D78E204}.Release|Any CPU.Build.0 = Release|Any CPU
		{340D4B91-2451-4A37-AD01-2C5014F12E5B}.Debug|Any CPU.ActiveCfg = Debug|Any CPU
		{340D4B91-2451-4A37-AD01-2C5014F12E5B}.Debug|Any CPU.Build.0 = Debug|Any CPU
		{340D4B91-2451-4A37-AD01-2C5014F12E5B}.Release|Any CPU.ActiveCfg = Release|Any CPU
		{340D4B91-2451-4A37-AD01-2C5014F12E5B}.Release|Any CPU.Build.0 = Release|Any CPU
	EndGlobalSection
	GlobalSection(SolutionProperties) = preSolution
		HideSolutionNode = FALSE
	EndGlobalSection
	GlobalSection(NestedProjects) = preSolution
		{129AE68B-6968-44C4-A386-68C0E1E9A63E} = {CC96E61F-75DD-4644-AC51-D9B783C00680}
		{306B93ED-DC73-4899-BB32-D9571152C554} = {CC96E61F-75DD-4644-AC51-D9B783C00680}
		{2E708037-AD6B-49DB-9B7D-AF459E69E386} = {3BA7DE14-6278-440A-95B1-026F30C10140}
		{94E164C1-EE69-4FF0-A850-C3C16135AC35} = {3BA7DE14-6278-440A-95B1-026F30C10140}
		{01EBDA4D-78B0-498A-8FE7-B5E95BB718C7} = {3BA7DE14-6278-440A-95B1-026F30C10140}
		{4CA3F8EE-6795-4EAA-B4F0-8F3719FD5AA4} = {3BA7DE14-6278-440A-95B1-026F30C10140}
		{8B872991-E17A-4DE7-9BFF-470355E7500B} = {3BA7DE14-6278-440A-95B1-026F30C10140}
		{D8BA316F-2357-472A-8460-37C744DAC248} = {3BA7DE14-6278-440A-95B1-026F30C10140}
		{F953D402-AAE3-4335-90A6-13BDBDF6D4FA} = {CC96E61F-75DD-4644-AC51-D9B783C00680}
		{CFB5CD3A-47A1-4E71-BA81-C93D4BB657B3} = {CC96E61F-75DD-4644-AC51-D9B783C00680}
		{AB772A38-6138-4687-BF63-FFCBE25500AE} = {CC96E61F-75DD-4644-AC51-D9B783C00680}
		{276796F5-792C-486D-A616-02A5ECF1AFFE} = {CC96E61F-75DD-4644-AC51-D9B783C00680}
		{873B35D4-4E84-4D63-813D-481ACA3B5CF3} = {3BA7DE14-6278-440A-95B1-026F30C10140}
		{3BFDFF28-F8A6-43EA-9F3A-E73FA4EDA70B} = {3BA7DE14-6278-440A-95B1-026F30C10140}
		{17D1662B-2C8C-40AB-86AE-E2F19D78E204} = {3BA7DE14-6278-440A-95B1-026F30C10140}
		{340D4B91-2451-4A37-AD01-2C5014F12E5B} = {3BA7DE14-6278-440A-95B1-026F30C10140}
	EndGlobalSection
EndGlobal
